
Microsoft Visual Studio Solution File, Format Version 12.00
# Visual Studio Version 16
VisualStudioVersion = 16.0.31313.79
MinimumVisualStudioVersion = 10.0.40219.1
Project("{FAE04EC0-301F-11D3-BF4B-00C04F79EFBC}") = "ShelbyCompany", "ShelbyCompany\ShelbyCompany.csproj", "{B59A2536-8B47-45E4-B6BA-771881FF4923}"
EndProject
Global
	GlobalSection(SolutionConfigurationPlatforms) = preSolution
		Debug|Any CPU = Debug|Any CPU
		Release|Any CPU = Release|Any CPU
	EndGlobalSection
	GlobalSection(ProjectConfigurationPlatforms) = postSolution
		{B59A2536-8B47-45E4-B6BA-771881FF4923}.Debug|Any CPU.ActiveCfg = Debug|Any CPU
		{B59A2536-8B47-45E4-B6BA-771881FF4923}.Debug|Any CPU.Build.0 = Debug|Any CPU
		{B59A2536-8B47-45E4-B6BA-771881FF4923}.Release|Any CPU.ActiveCfg = Release|Any CPU
		{B59A2536-8B47-45E4-B6BA-771881FF4923}.Release|Any CPU.Build.0 = Release|Any CPU
	EndGlobalSection
	GlobalSection(SolutionProperties) = preSolution
		HideSolutionNode = FALSE
	EndGlobalSection
	GlobalSection(ExtensibilityGlobals) = postSolution
		SolutionGuid = {9111CAEA-E8FC-4CD6-B6D5-1119B7D4233D}
	EndGlobalSection
EndGlobal
